
Microsoft Visual Studio Solution File, Format Version 12.00
Project("{FAE04EC0-301F-11D3-BF4B-00C04F79EFBC}") = "AutocodeStreams", "AutocodeStreams\AutocodeStreams.csproj", "{D4DC83DB-9E4E-49EB-8B36-658D6507E972}"
EndProject
Project("{FAE04EC0-301F-11D3-BF4B-00C04F79EFBC}") = "AutocodeStreams.Tests", "AutocodeStreams.Tests\AutocodeStreams.Tests.csproj", "{A650C021-CF6C-427E-802A-B346A5D16581}"
EndProject
Global
	GlobalSection(SolutionConfigurationPlatforms) = preSolution
		Debug|Any CPU = Debug|Any CPU
		Release|Any CPU = Release|Any CPU
	EndGlobalSection
	GlobalSection(ProjectConfigurationPlatforms) = postSolution
		{D4DC83DB-9E4E-49EB-8B36-658D6507E972}.Debug|Any CPU.ActiveCfg = Debug|Any CPU
		{D4DC83DB-9E4E-49EB-8B36-658D6507E972}.Debug|Any CPU.Build.0 = Debug|Any CPU
		{D4DC83DB-9E4E-49EB-8B36-658D6507E972}.Release|Any CPU.ActiveCfg = Release|Any CPU
		{D4DC83DB-9E4E-49EB-8B36-658D6507E972}.Release|Any CPU.Build.0 = Release|Any CPU
		{A650C021-CF6C-427E-802A-B346A5D16581}.Debug|Any CPU.ActiveCfg = Debug|Any CPU
		{A650C021-CF6C-427E-802A-B346A5D16581}.Debug|Any CPU.Build.0 = Debug|Any CPU
		{A650C021-CF6C-427E-802A-B346A5D16581}.Release|Any CPU.ActiveCfg = Release|Any CPU
		{A650C021-CF6C-427E-802A-B346A5D16581}.Release|Any CPU.Build.0 = Release|Any CPU
	EndGlobalSection
EndGlobal
